
Microsoft Visual Studio Solution File, Format Version 12.00
# Visual Studio Version 17
VisualStudioVersion = 17.13.35931.197 d17.13
MinimumVisualStudioVersion = 10.0.40219.1
Project("{FAE04EC0-301F-11D3-BF4B-00C04F79EFBC}") = "PratikIf_Else", "PratikIf_Else\PratikIf_Else.csproj", "{2ED91B10-06A7-4A10-9A25-F0194DCD5E17}"
EndProject
Global
	GlobalSection(SolutionConfigurationPlatforms) = preSolution
		Debug|Any CPU = Debug|Any CPU
		Release|Any CPU = Release|Any CPU
	EndGlobalSection
	GlobalSection(ProjectConfigurationPlatforms) = postSolution
		{2ED91B10-06A7-4A10-9A25-F0194DCD5E17}.Debug|Any CPU.ActiveCfg = Debug|Any CPU
		{2ED91B10-06A7-4A10-9A25-F0194DCD5E17}.Debug|Any CPU.Build.0 = Debug|Any CPU
		{2ED91B10-06A7-4A10-9A25-F0194DCD5E17}.Release|Any CPU.ActiveCfg = Release|Any CPU
		{2ED91B10-06A7-4A10-9A25-F0194DCD5E17}.Release|Any CPU.Build.0 = Release|Any CPU
	EndGlobalSection
	GlobalSection(SolutionProperties) = preSolution
		HideSolutionNode = FALSE
	EndGlobalSection
	GlobalSection(ExtensibilityGlobals) = postSolution
		SolutionGuid = {76956FB2-65AC-4687-A076-D2570BBC64DA}
	EndGlobalSection
EndGlobal
